
Microsoft Visual Studio Solution File, Format Version 12.00
# Visual Studio 15
VisualStudioVersion = 15.0.28307.421
MinimumVisualStudioVersion = 10.0.40219.1
Project("{FAE04EC0-301F-11D3-BF4B-00C04F79EFBC}") = "FavourAPI", "FavourAPI\FavourAPI.csproj", "{E4FE8BEE-9B05-43D0-A5A7-15C22EBF2752}"
EndProject
Global
	GlobalSection(SolutionConfigurationPlatforms) = preSolution
		Debug|Any CPU = Debug|Any CPU
		Release|Any CPU = Release|Any CPU
	EndGlobalSection
	GlobalSection(ProjectConfigurationPlatforms) = postSolution
		{E4FE8BEE-9B05-43D0-A5A7-15C22EBF2752}.Debug|Any CPU.ActiveCfg = Debug|Any CPU
		{E4FE8BEE-9B05-43D0-A5A7-15C22EBF2752}.Debug|Any CPU.Build.0 = Debug|Any CPU
		{E4FE8BEE-9B05-43D0-A5A7-15C22EBF2752}.Release|Any CPU.ActiveCfg = Release|Any CPU
		{E4FE8BEE-9B05-43D0-A5A7-15C22EBF2752}.Release|Any CPU.Build.0 = Release|Any CPU
	EndGlobalSection
	GlobalSection(SolutionProperties) = preSolution
		HideSolutionNode = FALSE
	EndGlobalSection
	GlobalSection(ExtensibilityGlobals) = postSolution
		SolutionGuid = {F259F8A7-DEFA-4D83-909E-FD7C0095BFA2}
	EndGlobalSection
EndGlobal
